// !$*UTF8*$!
{
	archiveVersion = 1;
	classes = {
	};
	objectVersion = 55;
	objects = {

/* Begin PBXBuildFile section */
		61C81FDB2847D8BC0023655E /* CloudKit.framework in Frameworks */ = {isa = PBXBuildFile; fileRef = 61C81FDA2847D8BC0023655E /* CloudKit.framework */; };
		69CD9628287749B1007C38A5 /* DataBridge.swift in Sources */ = {isa = PBXBuildFile; fileRef = 69CD9627287749B1007C38A5 /* DataBridge.swift */; };
		8838ABB2282F7DA100D3599B /* ActivityDetailView.swift in Sources */ = {isa = PBXBuildFile; fileRef = 8838ABB1282F7DA100D3599B /* ActivityDetailView.swift */; };
		8838ABB72833672000D3599B /* NeuralNetwork.swift in Sources */ = {isa = PBXBuildFile; fileRef = 8838ABB62833672000D3599B /* NeuralNetwork.swift */; };
		8838ABB9283529EC00D3599B /* RandomNumberGenerator.swift in Sources */ = {isa = PBXBuildFile; fileRef = 8838ABB8283529EC00D3599B /* RandomNumberGenerator.swift */; };
		8838ABEC28391EE700D3599B /* TestModel.mlpackage in Sources */ = {isa = PBXBuildFile; fileRef = 8838ABEB28391EE700D3599B /* TestModel.mlpackage */; };
		886E846528463DA200E5D6F6 /* InfluenceData.swift in Sources */ = {isa = PBXBuildFile; fileRef = 886E846428463DA200E5D6F6 /* InfluenceData.swift */; };
		88801317287C66F10064CD72 /* RNN.swift in Sources */ = {isa = PBXBuildFile; fileRef = 88801316287C66F10064CD72 /* RNN.swift */; };
		8880131B287C87DD0064CD72 /* in_net.mlmodel in Sources */ = {isa = PBXBuildFile; fileRef = 8880131A287C87DD0064CD72 /* in_net.mlmodel */; };
		88E6E5AE281C4ACD00EB0D15 /* Model.xcdatamodeld in Sources */ = {isa = PBXBuildFile; fileRef = 88E6E5AC281C4ACD00EB0D15 /* Model.xcdatamodeld */; };
		88E6E5B0281C4B7F00EB0D15 /* PersistenceController.swift in Sources */ = {isa = PBXBuildFile; fileRef = 88E6E5AF281C4B7F00EB0D15 /* PersistenceController.swift */; };
		EB153FFE282FFD3500468859 /* ViewTitle.swift in Sources */ = {isa = PBXBuildFile; fileRef = EB153FFD282FFD3500468859 /* ViewTitle.swift */; };
		EB15CF7A283FD9C200564728 /* MonthSwitcher.swift in Sources */ = {isa = PBXBuildFile; fileRef = EB15CF79283FD9C200564728 /* MonthSwitcher.swift */; };
		EB15CF7E2842AA4000564728 /* DismissButton.swift in Sources */ = {isa = PBXBuildFile; fileRef = EB15CF7D2842AA4000564728 /* DismissButton.swift */; };
		EB33D13C2833E84900F4634C /* EditActivityCategoryView.swift in Sources */ = {isa = PBXBuildFile; fileRef = EB33D13B2833E84900F4634C /* EditActivityCategoryView.swift */; };
		EB410CCF283A45CD00D629B2 /* Date+Extension.swift in Sources */ = {isa = PBXBuildFile; fileRef = EB410CCE283A45CD00D629B2 /* Date+Extension.swift */; };
		EB410CD2283A46EB00D629B2 /* SentiScoreHelper.swift in Sources */ = {isa = PBXBuildFile; fileRef = EB410CD1283A46EB00D629B2 /* SentiScoreHelper.swift */; };
		EB410CD7283A4C6300D629B2 /* StatisticsData.swift in Sources */ = {isa = PBXBuildFile; fileRef = EB410CD6283A4C6300D629B2 /* StatisticsData.swift */; };
		EB410CD9283A4DDD00D629B2 /* MachineLearning.swift in Sources */ = {isa = PBXBuildFile; fileRef = EB410CD8283A4DDD00D629B2 /* MachineLearning.swift */; };
		EB410CDB283A515D00D629B2 /* IconChooserView.swift in Sources */ = {isa = PBXBuildFile; fileRef = EB410CDA283A515D00D629B2 /* IconChooserView.swift */; };
		EB410CDD283A51A700D629B2 /* MoodTrendChart.swift in Sources */ = {isa = PBXBuildFile; fileRef = EB410CDC283A51A700D629B2 /* MoodTrendChart.swift */; };
		EB410CDF283A51CD00D629B2 /* MoodInfluence.swift in Sources */ = {isa = PBXBuildFile; fileRef = EB410CDE283A51CD00D629B2 /* MoodInfluence.swift */; };
		EB410CE1283A51E500D629B2 /* MoodCount.swift in Sources */ = {isa = PBXBuildFile; fileRef = EB410CE0283A51E500D629B2 /* MoodCount.swift */; };
		EB410CE7283A5A1C00D629B2 /* CalendarViewData.swift in Sources */ = {isa = PBXBuildFile; fileRef = EB410CE6283A5A1C00D629B2 /* CalendarViewData.swift */; };
		EB410CE9283A5AD100D629B2 /* CalendarDayDetailView+Extension.swift in Sources */ = {isa = PBXBuildFile; fileRef = EB410CE8283A5AD100D629B2 /* CalendarDayDetailView+Extension.swift */; };
		EB410CEB283A5D4A00D629B2 /* SentiTextField.swift in Sources */ = {isa = PBXBuildFile; fileRef = EB410CEA283A5D4A00D629B2 /* SentiTextField.swift */; };
		EB410CED283A965E00D629B2 /* SentiDeleteButton.swift in Sources */ = {isa = PBXBuildFile; fileRef = EB410CEC283A965E00D629B2 /* SentiDeleteButton.swift */; };
		EB410CEF283A9F1700D629B2 /* NotEnoughData.swift in Sources */ = {isa = PBXBuildFile; fileRef = EB410CEE283A9F1700D629B2 /* NotEnoughData.swift */; };
		EB410CF3283E6A1900D629B2 /* Image+Extension.swift in Sources */ = {isa = PBXBuildFile; fileRef = EB410CF2283E6A1900D629B2 /* Image+Extension.swift */; };
		EB410CF5283EBDEB00D629B2 /* ActivityData.swift in Sources */ = {isa = PBXBuildFile; fileRef = EB410CF4283EBDEB00D629B2 /* ActivityData.swift */; };
		EB410CF7283FB50700D629B2 /* Settings.swift in Sources */ = {isa = PBXBuildFile; fileRef = EB410CF6283FB50700D629B2 /* Settings.swift */; };
		EB467FAF28210DB000F9AA4D /* Color+Extension.swift in Sources */ = {isa = PBXBuildFile; fileRef = EB467FAE28210DB000F9AA4D /* Color+Extension.swift */; };
		EB46BBBF284D28530088CD1C /* WelcomeView.swift in Sources */ = {isa = PBXBuildFile; fileRef = EB46BBBE284D28530088CD1C /* WelcomeView.swift */; };
		EB4C530E287741E500540BAB /* PrivacyPolicy.swift in Sources */ = {isa = PBXBuildFile; fileRef = EB4C530D287741E500540BAB /* PrivacyPolicy.swift */; };
		EB4C5310287755EC00540BAB /* String+Extension.swift in Sources */ = {isa = PBXBuildFile; fileRef = EB4C530F287755EC00540BAB /* String+Extension.swift */; };
		EB4C5318287C70BA00540BAB /* Model.swift in Sources */ = {isa = PBXBuildFile; fileRef = EB4C5317287C70BA00540BAB /* Model.swift */; };
		EB5EF3C9284B6ED800372FB0 /* SentimizerUITests.swift in Sources */ = {isa = PBXBuildFile; fileRef = EB5EF3C8284B6ED800372FB0 /* SentimizerUITests.swift */; };
		EB5EF3CB284B6ED800372FB0 /* SentimizerUITestsLaunchTests.swift in Sources */ = {isa = PBXBuildFile; fileRef = EB5EF3CA284B6ED800372FB0 /* SentimizerUITestsLaunchTests.swift */; };
		EB5EF3D8284B702F00372FB0 /* SentimizerTests.swift in Sources */ = {isa = PBXBuildFile; fileRef = EB5EF3D7284B702F00372FB0 /* SentimizerTests.swift */; };
		EB634F2B28141FDE00979923 /* K.swift in Sources */ = {isa = PBXBuildFile; fileRef = EB634F2A28141FDE00979923 /* K.swift */; };
		EB634F2D281427DF00979923 /* View+Extension.swift in Sources */ = {isa = PBXBuildFile; fileRef = EB634F2C281427DF00979923 /* View+Extension.swift */; };
		EB634F2F28142AAC00979923 /* AppTabNavigation.swift in Sources */ = {isa = PBXBuildFile; fileRef = EB634F2E28142AAC00979923 /* AppTabNavigation.swift */; };
		EB642BFD27FF5DA4001DB273 /* SentimizerApp.swift in Sources */ = {isa = PBXBuildFile; fileRef = EB642BFC27FF5DA4001DB273 /* SentimizerApp.swift */; };
		EB642BFF27FF5DA4001DB273 /* MainActivityView.swift in Sources */ = {isa = PBXBuildFile; fileRef = EB642BFE27FF5DA4001DB273 /* MainActivityView.swift */; };
		EB642C0127FF5DAB001DB273 /* Assets.xcassets in Resources */ = {isa = PBXBuildFile; fileRef = EB642C0027FF5DAB001DB273 /* Assets.xcassets */; };
		EB642C0427FF5DAB001DB273 /* Preview Assets.xcassets in Resources */ = {isa = PBXBuildFile; fileRef = EB642C0327FF5DAB001DB273 /* Preview Assets.xcassets */; };
		EB68882A2813459D00C0FDE7 /* Font+Extension.swift in Sources */ = {isa = PBXBuildFile; fileRef = EB6888292813459D00C0FDE7 /* Font+Extension.swift */; };
		EB6A3AAF2815BBC80078F8A8 /* AddActivityView.swift in Sources */ = {isa = PBXBuildFile; fileRef = EB6A3AAE2815BBC80078F8A8 /* AddActivityView.swift */; };
		EB6A3AB12815C2970078F8A8 /* SentiButton.swift in Sources */ = {isa = PBXBuildFile; fileRef = EB6A3AB02815C2970078F8A8 /* SentiButton.swift */; };
		EB6A3AB5281713570078F8A8 /* ActivityChooserView.swift in Sources */ = {isa = PBXBuildFile; fileRef = EB6A3AB4281713570078F8A8 /* ActivityChooserView.swift */; };
		EB8539EA28196A6D00C90DD9 /* StatsView.swift in Sources */ = {isa = PBXBuildFile; fileRef = EB8539E928196A6D00C90DD9 /* StatsView.swift */; };
		EB91193128301BA000C82E63 /* SentiTextEditor.swift in Sources */ = {isa = PBXBuildFile; fileRef = EB91193028301BA000C82E63 /* SentiTextEditor.swift */; };
		EBA5A3E328356F1600F0B26A /* CalendarDayDetailView.swift in Sources */ = {isa = PBXBuildFile; fileRef = EBA5A3E228356F1500F0B26A /* CalendarDayDetailView.swift */; };
		EBB26CEB2836CD4700E48506 /* ActivityBar.swift in Sources */ = {isa = PBXBuildFile; fileRef = EBB26CEA2836CD4700E48506 /* ActivityBar.swift */; };
		EBCDD1182827F545006AD5E2 /* WhatNext.swift in Sources */ = {isa = PBXBuildFile; fileRef = EBCDD1172827F545006AD5E2 /* WhatNext.swift */; };
		EBCDD11A282AD30C006AD5E2 /* NewActivityCategoryView.swift in Sources */ = {isa = PBXBuildFile; fileRef = EBCDD119282AD30C006AD5E2 /* NewActivityCategoryView.swift */; };
		EBCDD11E282AD75E006AD5E2 /* KeyboardHelper.swift in Sources */ = {isa = PBXBuildFile; fileRef = EBCDD11D282AD75E006AD5E2 /* KeyboardHelper.swift */; };
		EBD795F428744C9D00C2ADF7 /* Localizable.strings in Resources */ = {isa = PBXBuildFile; fileRef = EBD795F628744C9D00C2ADF7 /* Localizable.strings */; };
		EBD795FA28744F7B00C2ADF7 /* InfoPlist.strings in Resources */ = {isa = PBXBuildFile; fileRef = EBD795F828744F7B00C2ADF7 /* InfoPlist.strings */; };
		EBDB9F6E2833A22000586EB7 /* MoodPicker.swift in Sources */ = {isa = PBXBuildFile; fileRef = EBDB9F6D2833A22000586EB7 /* MoodPicker.swift */; };
		EBDB9F702833CBC000586EB7 /* CalendarView.swift in Sources */ = {isa = PBXBuildFile; fileRef = EBDB9F6F2833CBC000586EB7 /* CalendarView.swift */; };
		EBDB9F722833DB9100586EB7 /* SettingsView.swift in Sources */ = {isa = PBXBuildFile; fileRef = EBDB9F712833DB9100586EB7 /* SettingsView.swift */; };
		EBE02ACC2842B18400B18555 /* LaunchScreen.storyboard in Resources */ = {isa = PBXBuildFile; fileRef = EBE02ACB2842B18300B18555 /* LaunchScreen.storyboard */; };
/* End PBXBuildFile section */

/* Begin PBXContainerItemProxy section */
		EB5EF3CC284B6ED800372FB0 /* PBXContainerItemProxy */ = {
			isa = PBXContainerItemProxy;
			containerPortal = EB642BF127FF5DA4001DB273 /* Project object */;
			proxyType = 1;
			remoteGlobalIDString = EB642BF827FF5DA4001DB273;
			remoteInfo = Sentimizer;
		};
		EB5EF3D9284B702F00372FB0 /* PBXContainerItemProxy */ = {
			isa = PBXContainerItemProxy;
			containerPortal = EB642BF127FF5DA4001DB273 /* Project object */;
			proxyType = 1;
			remoteGlobalIDString = EB642BF827FF5DA4001DB273;
			remoteInfo = Sentimizer;
		};
/* End PBXContainerItemProxy section */

/* Begin PBXFileReference section */
		61C81FD82847D8B10023655E /* Sentimizer.entitlements */ = {isa = PBXFileReference; lastKnownFileType = text.plist.entitlements; path = Sentimizer.entitlements; sourceTree = "<group>"; };
		61C81FDA2847D8BC0023655E /* CloudKit.framework */ = {isa = PBXFileReference; lastKnownFileType = wrapper.framework; name = CloudKit.framework; path = System/Library/Frameworks/CloudKit.framework; sourceTree = SDKROOT; };
		69CD9627287749B1007C38A5 /* DataBridge.swift */ = {isa = PBXFileReference; lastKnownFileType = sourcecode.swift; path = DataBridge.swift; sourceTree = "<group>"; };
		8838ABB1282F7DA100D3599B /* ActivityDetailView.swift */ = {isa = PBXFileReference; lastKnownFileType = sourcecode.swift; path = ActivityDetailView.swift; sourceTree = "<group>"; };
		8838ABB62833672000D3599B /* NeuralNetwork.swift */ = {isa = PBXFileReference; lastKnownFileType = sourcecode.swift; path = NeuralNetwork.swift; sourceTree = "<group>"; };
		8838ABB8283529EC00D3599B /* RandomNumberGenerator.swift */ = {isa = PBXFileReference; lastKnownFileType = sourcecode.swift; path = RandomNumberGenerator.swift; sourceTree = "<group>"; };
		8838ABEB28391EE700D3599B /* TestModel.mlpackage */ = {isa = PBXFileReference; lastKnownFileType = folder.mlpackage; path = TestModel.mlpackage; sourceTree = "<group>"; };
		886E846428463DA200E5D6F6 /* InfluenceData.swift */ = {isa = PBXFileReference; lastKnownFileType = sourcecode.swift; path = InfluenceData.swift; sourceTree = "<group>"; };
		88801316287C66F10064CD72 /* RNN.swift */ = {isa = PBXFileReference; lastKnownFileType = sourcecode.swift; path = RNN.swift; sourceTree = "<group>"; };
		8880131A287C87DD0064CD72 /* in_net.mlmodel */ = {isa = PBXFileReference; lastKnownFileType = file.mlmodel; path = in_net.mlmodel; sourceTree = "<group>"; };
		88E6E5AD281C4ACD00EB0D15 /* Entry.xcdatamodel */ = {isa = PBXFileReference; lastKnownFileType = wrapper.xcdatamodel; path = Entry.xcdatamodel; sourceTree = "<group>"; };
		88E6E5AF281C4B7F00EB0D15 /* PersistenceController.swift */ = {isa = PBXFileReference; lastKnownFileType = sourcecode.swift; path = PersistenceController.swift; sourceTree = "<group>"; };
		EB153FFD282FFD3500468859 /* ViewTitle.swift */ = {isa = PBXFileReference; lastKnownFileType = sourcecode.swift; path = ViewTitle.swift; sourceTree = "<group>"; };
		EB15CF79283FD9C200564728 /* MonthSwitcher.swift */ = {isa = PBXFileReference; lastKnownFileType = sourcecode.swift; path = MonthSwitcher.swift; sourceTree = "<group>"; };
		EB15CF7D2842AA4000564728 /* DismissButton.swift */ = {isa = PBXFileReference; lastKnownFileType = sourcecode.swift; path = DismissButton.swift; sourceTree = "<group>"; };
		EB33D13B2833E84900F4634C /* EditActivityCategoryView.swift */ = {isa = PBXFileReference; lastKnownFileType = sourcecode.swift; path = EditActivityCategoryView.swift; sourceTree = "<group>"; };
		EB39D9D02843C55000E74250 /* Info.plist */ = {isa = PBXFileReference; lastKnownFileType = text.plist.xml; path = Info.plist; sourceTree = "<group>"; };
		EB410CCE283A45CD00D629B2 /* Date+Extension.swift */ = {isa = PBXFileReference; lastKnownFileType = sourcecode.swift; path = "Date+Extension.swift"; sourceTree = "<group>"; };
		EB410CD1283A46EB00D629B2 /* SentiScoreHelper.swift */ = {isa = PBXFileReference; lastKnownFileType = sourcecode.swift; path = SentiScoreHelper.swift; sourceTree = "<group>"; };
		EB410CD6283A4C6300D629B2 /* StatisticsData.swift */ = {isa = PBXFileReference; lastKnownFileType = sourcecode.swift; path = StatisticsData.swift; sourceTree = "<group>"; };
		EB410CD8283A4DDD00D629B2 /* MachineLearning.swift */ = {isa = PBXFileReference; lastKnownFileType = sourcecode.swift; path = MachineLearning.swift; sourceTree = "<group>"; };
		EB410CDA283A515D00D629B2 /* IconChooserView.swift */ = {isa = PBXFileReference; lastKnownFileType = sourcecode.swift; path = IconChooserView.swift; sourceTree = "<group>"; };
		EB410CDC283A51A700D629B2 /* MoodTrendChart.swift */ = {isa = PBXFileReference; lastKnownFileType = sourcecode.swift; path = MoodTrendChart.swift; sourceTree = "<group>"; };
		EB410CDE283A51CD00D629B2 /* MoodInfluence.swift */ = {isa = PBXFileReference; lastKnownFileType = sourcecode.swift; path = MoodInfluence.swift; sourceTree = "<group>"; };
		EB410CE0283A51E500D629B2 /* MoodCount.swift */ = {isa = PBXFileReference; lastKnownFileType = sourcecode.swift; path = MoodCount.swift; sourceTree = "<group>"; };
		EB410CE6283A5A1C00D629B2 /* CalendarViewData.swift */ = {isa = PBXFileReference; lastKnownFileType = sourcecode.swift; path = CalendarViewData.swift; sourceTree = "<group>"; };
		EB410CE8283A5AD100D629B2 /* CalendarDayDetailView+Extension.swift */ = {isa = PBXFileReference; lastKnownFileType = sourcecode.swift; path = "CalendarDayDetailView+Extension.swift"; sourceTree = "<group>"; };
		EB410CEA283A5D4A00D629B2 /* SentiTextField.swift */ = {isa = PBXFileReference; lastKnownFileType = sourcecode.swift; path = SentiTextField.swift; sourceTree = "<group>"; };
		EB410CEC283A965E00D629B2 /* SentiDeleteButton.swift */ = {isa = PBXFileReference; lastKnownFileType = sourcecode.swift; path = SentiDeleteButton.swift; sourceTree = "<group>"; };
		EB410CEE283A9F1700D629B2 /* NotEnoughData.swift */ = {isa = PBXFileReference; lastKnownFileType = sourcecode.swift; path = NotEnoughData.swift; sourceTree = "<group>"; };
		EB410CF2283E6A1900D629B2 /* Image+Extension.swift */ = {isa = PBXFileReference; lastKnownFileType = sourcecode.swift; path = "Image+Extension.swift"; sourceTree = "<group>"; };
		EB410CF4283EBDEB00D629B2 /* ActivityData.swift */ = {isa = PBXFileReference; lastKnownFileType = sourcecode.swift; path = ActivityData.swift; sourceTree = "<group>"; };
		EB410CF6283FB50700D629B2 /* Settings.swift */ = {isa = PBXFileReference; lastKnownFileType = sourcecode.swift; path = Settings.swift; sourceTree = "<group>"; };
		EB467FAE28210DB000F9AA4D /* Color+Extension.swift */ = {isa = PBXFileReference; fileEncoding = 4; lastKnownFileType = sourcecode.swift; path = "Color+Extension.swift"; sourceTree = "<group>"; };
		EB46BBBE284D28530088CD1C /* WelcomeView.swift */ = {isa = PBXFileReference; lastKnownFileType = sourcecode.swift; path = WelcomeView.swift; sourceTree = "<group>"; };
		EB4C530D287741E500540BAB /* PrivacyPolicy.swift */ = {isa = PBXFileReference; lastKnownFileType = sourcecode.swift; path = PrivacyPolicy.swift; sourceTree = "<group>"; };
		EB4C530F287755EC00540BAB /* String+Extension.swift */ = {isa = PBXFileReference; lastKnownFileType = sourcecode.swift; path = "String+Extension.swift"; sourceTree = "<group>"; };
		EB4C5317287C70BA00540BAB /* Model.swift */ = {isa = PBXFileReference; lastKnownFileType = sourcecode.swift; path = Model.swift; sourceTree = "<group>"; };
		EB5EF3C6284B6ED800372FB0 /* SentimizerUITests.xctest */ = {isa = PBXFileReference; explicitFileType = wrapper.cfbundle; includeInIndex = 0; path = SentimizerUITests.xctest; sourceTree = BUILT_PRODUCTS_DIR; };
		EB5EF3C8284B6ED800372FB0 /* SentimizerUITests.swift */ = {isa = PBXFileReference; lastKnownFileType = sourcecode.swift; path = SentimizerUITests.swift; sourceTree = "<group>"; };
		EB5EF3CA284B6ED800372FB0 /* SentimizerUITestsLaunchTests.swift */ = {isa = PBXFileReference; lastKnownFileType = sourcecode.swift; path = SentimizerUITestsLaunchTests.swift; sourceTree = "<group>"; };
		EB5EF3D5284B702F00372FB0 /* SentimizerTests.xctest */ = {isa = PBXFileReference; explicitFileType = wrapper.cfbundle; includeInIndex = 0; path = SentimizerTests.xctest; sourceTree = BUILT_PRODUCTS_DIR; };
		EB5EF3D7284B702F00372FB0 /* SentimizerTests.swift */ = {isa = PBXFileReference; lastKnownFileType = sourcecode.swift; path = SentimizerTests.swift; sourceTree = "<group>"; };
		EB634F2A28141FDE00979923 /* K.swift */ = {isa = PBXFileReference; lastKnownFileType = sourcecode.swift; path = K.swift; sourceTree = "<group>"; };
		EB634F2C281427DF00979923 /* View+Extension.swift */ = {isa = PBXFileReference; lastKnownFileType = sourcecode.swift; path = "View+Extension.swift"; sourceTree = "<group>"; };
		EB634F2E28142AAC00979923 /* AppTabNavigation.swift */ = {isa = PBXFileReference; lastKnownFileType = sourcecode.swift; path = AppTabNavigation.swift; sourceTree = "<group>"; };
		EB642BF927FF5DA4001DB273 /* Sentimizer.app */ = {isa = PBXFileReference; explicitFileType = wrapper.application; includeInIndex = 0; path = Sentimizer.app; sourceTree = BUILT_PRODUCTS_DIR; };
		EB642BFC27FF5DA4001DB273 /* SentimizerApp.swift */ = {isa = PBXFileReference; lastKnownFileType = sourcecode.swift; path = SentimizerApp.swift; sourceTree = "<group>"; };
		EB642BFE27FF5DA4001DB273 /* MainActivityView.swift */ = {isa = PBXFileReference; lastKnownFileType = sourcecode.swift; path = MainActivityView.swift; sourceTree = "<group>"; };
		EB642C0027FF5DAB001DB273 /* Assets.xcassets */ = {isa = PBXFileReference; lastKnownFileType = folder.assetcatalog; path = Assets.xcassets; sourceTree = "<group>"; };
		EB642C0327FF5DAB001DB273 /* Preview Assets.xcassets */ = {isa = PBXFileReference; lastKnownFileType = folder.assetcatalog; path = "Preview Assets.xcassets"; sourceTree = "<group>"; };
		EB6888292813459D00C0FDE7 /* Font+Extension.swift */ = {isa = PBXFileReference; lastKnownFileType = sourcecode.swift; path = "Font+Extension.swift"; sourceTree = "<group>"; };
		EB6A3AAE2815BBC80078F8A8 /* AddActivityView.swift */ = {isa = PBXFileReference; lastKnownFileType = sourcecode.swift; path = AddActivityView.swift; sourceTree = "<group>"; };
		EB6A3AB02815C2970078F8A8 /* SentiButton.swift */ = {isa = PBXFileReference; lastKnownFileType = sourcecode.swift; path = SentiButton.swift; sourceTree = "<group>"; };
		EB6A3AB4281713570078F8A8 /* ActivityChooserView.swift */ = {isa = PBXFileReference; lastKnownFileType = sourcecode.swift; path = ActivityChooserView.swift; sourceTree = "<group>"; };
		EB8539E928196A6D00C90DD9 /* StatsView.swift */ = {isa = PBXFileReference; lastKnownFileType = sourcecode.swift; path = StatsView.swift; sourceTree = "<group>"; };
		EB91193028301BA000C82E63 /* SentiTextEditor.swift */ = {isa = PBXFileReference; lastKnownFileType = sourcecode.swift; path = SentiTextEditor.swift; sourceTree = "<group>"; };
		EBA5A3E228356F1500F0B26A /* CalendarDayDetailView.swift */ = {isa = PBXFileReference; lastKnownFileType = sourcecode.swift; path = CalendarDayDetailView.swift; sourceTree = "<group>"; };
		EBB26CEA2836CD4700E48506 /* ActivityBar.swift */ = {isa = PBXFileReference; lastKnownFileType = sourcecode.swift; path = ActivityBar.swift; sourceTree = "<group>"; };
		EBCDD1172827F545006AD5E2 /* WhatNext.swift */ = {isa = PBXFileReference; lastKnownFileType = sourcecode.swift; path = WhatNext.swift; sourceTree = "<group>"; };
		EBCDD119282AD30C006AD5E2 /* NewActivityCategoryView.swift */ = {isa = PBXFileReference; lastKnownFileType = sourcecode.swift; path = NewActivityCategoryView.swift; sourceTree = "<group>"; };
		EBCDD11D282AD75E006AD5E2 /* KeyboardHelper.swift */ = {isa = PBXFileReference; lastKnownFileType = sourcecode.swift; path = KeyboardHelper.swift; sourceTree = "<group>"; };
		EBD795F528744C9D00C2ADF7 /* de */ = {isa = PBXFileReference; lastKnownFileType = text.plist.strings; name = de; path = de.lproj/Localizable.strings; sourceTree = "<group>"; };
		EBD795F728744CC000C2ADF7 /* en */ = {isa = PBXFileReference; lastKnownFileType = text.plist.strings; name = en; path = en.lproj/Localizable.strings; sourceTree = "<group>"; };
		EBD795F928744F7B00C2ADF7 /* de */ = {isa = PBXFileReference; lastKnownFileType = text.plist.strings; name = de; path = de.lproj/InfoPlist.strings; sourceTree = "<group>"; };
		EBDB9F6D2833A22000586EB7 /* MoodPicker.swift */ = {isa = PBXFileReference; lastKnownFileType = sourcecode.swift; path = MoodPicker.swift; sourceTree = "<group>"; };
		EBDB9F6F2833CBC000586EB7 /* CalendarView.swift */ = {isa = PBXFileReference; lastKnownFileType = sourcecode.swift; path = CalendarView.swift; sourceTree = "<group>"; };
		EBDB9F712833DB9100586EB7 /* SettingsView.swift */ = {isa = PBXFileReference; lastKnownFileType = sourcecode.swift; path = SettingsView.swift; sourceTree = "<group>"; };
		EBE02ACB2842B18300B18555 /* LaunchScreen.storyboard */ = {isa = PBXFileReference; lastKnownFileType = file.storyboard; path = LaunchScreen.storyboard; sourceTree = "<group>"; };
/* End PBXFileReference section */

/* Begin PBXFrameworksBuildPhase section */
		EB5EF3C3284B6ED800372FB0 /* Frameworks */ = {
			isa = PBXFrameworksBuildPhase;
			buildActionMask = 2147483647;
			files = (
			);
			runOnlyForDeploymentPostprocessing = 0;
		};
		EB5EF3D2284B702F00372FB0 /* Frameworks */ = {
			isa = PBXFrameworksBuildPhase;
			buildActionMask = 2147483647;
			files = (
			);
			runOnlyForDeploymentPostprocessing = 0;
		};
		EB642BF627FF5DA4001DB273 /* Frameworks */ = {
			isa = PBXFrameworksBuildPhase;
			buildActionMask = 2147483647;
			files = (
				61C81FDB2847D8BC0023655E /* CloudKit.framework in Frameworks */,
			);
			runOnlyForDeploymentPostprocessing = 0;
		};
/* End PBXFrameworksBuildPhase section */

/* Begin PBXGroup section */
		61C81FD92847D8BC0023655E /* Frameworks */ = {
			isa = PBXGroup;
			children = (
				61C81FDA2847D8BC0023655E /* CloudKit.framework */,
			);
			name = Frameworks;
			sourceTree = "<group>";
		};
		EB15CF7B2842A9DB00564728 /* Text */ = {
			isa = PBXGroup;
			children = (
				EB91193028301BA000C82E63 /* SentiTextEditor.swift */,
				EB410CEA283A5D4A00D629B2 /* SentiTextField.swift */,
			);
			path = Text;
			sourceTree = "<group>";
		};
		EB15CF7C2842A9F100564728 /* Buttons */ = {
			isa = PBXGroup;
			children = (
				EB6A3AB02815C2970078F8A8 /* SentiButton.swift */,
				EBDB9F6D2833A22000586EB7 /* MoodPicker.swift */,
				EB410CEC283A965E00D629B2 /* SentiDeleteButton.swift */,
				EB15CF7D2842AA4000564728 /* DismissButton.swift */,
			);
			path = Buttons;
			sourceTree = "<group>";
		};
		EB33D13D283410E500F4634C /* Settings */ = {
			isa = PBXGroup;
			children = (
				EB410CF6283FB50700D629B2 /* Settings.swift */,
				EBDB9F712833DB9100586EB7 /* SettingsView.swift */,
				EB4C530D287741E500540BAB /* PrivacyPolicy.swift */,
				EB33D13B2833E84900F4634C /* EditActivityCategoryView.swift */,
			);
			path = Settings;
			sourceTree = "<group>";
		};
		EB410CCC283A453700D629B2 /* Persistence */ = {
			isa = PBXGroup;
			children = (
				88E6E5AC281C4ACD00EB0D15 /* Model.xcdatamodeld */,
				88E6E5AF281C4B7F00EB0D15 /* PersistenceController.swift */,
			);
			path = Persistence;
			sourceTree = "<group>";
		};
		EB410CCD283A455700D629B2 /* ML */ = {
			isa = PBXGroup;
			children = (
				8880131A287C87DD0064CD72 /* in_net.mlmodel */,
				8838ABEB28391EE700D3599B /* TestModel.mlpackage */,
				8838ABB62833672000D3599B /* NeuralNetwork.swift */,
				EB410CD8283A4DDD00D629B2 /* MachineLearning.swift */,
				69CD9627287749B1007C38A5 /* DataBridge.swift */,
				88801316287C66F10064CD72 /* RNN.swift */,
			);
			path = ML;
			sourceTree = "<group>";
		};
		EB410CD0283A46DC00D629B2 /* Helpers */ = {
			isa = PBXGroup;
			children = (
				EBCDD11D282AD75E006AD5E2 /* KeyboardHelper.swift */,
				EB410CD1283A46EB00D629B2 /* SentiScoreHelper.swift */,
				8838ABB8283529EC00D3599B /* RandomNumberGenerator.swift */,
			);
			path = Helpers;
			sourceTree = "<group>";
		};
		EB410CD3283A4A5800D629B2 /* CalendarView */ = {
			isa = PBXGroup;
			children = (
				EBDB9F6F2833CBC000586EB7 /* CalendarView.swift */,
				EBA5A3E228356F1500F0B26A /* CalendarDayDetailView.swift */,
			);
			path = CalendarView;
			sourceTree = "<group>";
		};
		EB410CD5283A4C5500D629B2 /* Statistics */ = {
			isa = PBXGroup;
			children = (
				886E846428463DA200E5D6F6 /* InfluenceData.swift */,
				EB410CD6283A4C6300D629B2 /* StatisticsData.swift */,
				EB410CE5283A53B600D629B2 /* StatisticsView */,
			);
			path = Statistics;
			sourceTree = "<group>";
		};
		EB410CE2283A535900D629B2 /* Resources */ = {
			isa = PBXGroup;
			children = (
				EBD795F628744C9D00C2ADF7 /* Localizable.strings */,
				EBE02ACB2842B18300B18555 /* LaunchScreen.storyboard */,
				EB642C0027FF5DAB001DB273 /* Assets.xcassets */,
				EB634F2A28141FDE00979923 /* K.swift */,
				EBCDD11C282AD73D006AD5E2 /* Extensions */,
				EB410CD0283A46DC00D629B2 /* Helpers */,
			);
			path = Resources;
			sourceTree = "<group>";
		};
		EB410CE3283A537000D629B2 /* Main */ = {
			isa = PBXGroup;
			children = (
				EB642BFE27FF5DA4001DB273 /* MainActivityView.swift */,
				8838ABB1282F7DA100D3599B /* ActivityDetailView.swift */,
				EBCDD11B282AD419006AD5E2 /* AddActivityViews */,
			);
			path = Main;
			sourceTree = "<group>";
		};
		EB410CE4283A538700D629B2 /* Screens */ = {
			isa = PBXGroup;
			children = (
				EB46BBC0284D285C0088CD1C /* Welcome */,
				EB410CE3283A537000D629B2 /* Main */,
				EB410CD5283A4C5500D629B2 /* Statistics */,
				EBA5A3E4283572AE00F0B26A /* Calendar */,
				EB33D13D283410E500F4634C /* Settings */,
			);
			path = Screens;
			sourceTree = "<group>";
		};
		EB410CE5283A53B600D629B2 /* StatisticsView */ = {
			isa = PBXGroup;
			children = (
				EB8539E928196A6D00C90DD9 /* StatsView.swift */,
				EB410CDC283A51A700D629B2 /* MoodTrendChart.swift */,
				EB410CDE283A51CD00D629B2 /* MoodInfluence.swift */,
				EB410CE0283A51E500D629B2 /* MoodCount.swift */,
				EB410CEE283A9F1700D629B2 /* NotEnoughData.swift */,
			);
			path = StatisticsView;
			sourceTree = "<group>";
		};
		EB46BBC0284D285C0088CD1C /* Welcome */ = {
			isa = PBXGroup;
			children = (
				EB46BBBE284D28530088CD1C /* WelcomeView.swift */,
			);
			path = Welcome;
			sourceTree = "<group>";
		};
		EB5EF3C7284B6ED800372FB0 /* SentimizerUITests */ = {
			isa = PBXGroup;
			children = (
				EB5EF3C8284B6ED800372FB0 /* SentimizerUITests.swift */,
				EB5EF3CA284B6ED800372FB0 /* SentimizerUITestsLaunchTests.swift */,
			);
			path = SentimizerUITests;
			sourceTree = "<group>";
		};
		EB5EF3D6284B702F00372FB0 /* SentimizerTests */ = {
			isa = PBXGroup;
			children = (
				EB5EF3D7284B702F00372FB0 /* SentimizerTests.swift */,
			);
			path = SentimizerTests;
			sourceTree = "<group>";
		};
		EB642BF027FF5DA4001DB273 = {
			isa = PBXGroup;
			children = (
				EB642BFB27FF5DA4001DB273 /* Sentimizer */,
				EB5EF3C7284B6ED800372FB0 /* SentimizerUITests */,
				EB5EF3D6284B702F00372FB0 /* SentimizerTests */,
				EB642BFA27FF5DA4001DB273 /* Products */,
				61C81FD92847D8BC0023655E /* Frameworks */,
			);
			sourceTree = "<group>";
		};
		EB642BFA27FF5DA4001DB273 /* Products */ = {
			isa = PBXGroup;
			children = (
				EB642BF927FF5DA4001DB273 /* Sentimizer.app */,
				EB5EF3C6284B6ED800372FB0 /* SentimizerUITests.xctest */,
				EB5EF3D5284B702F00372FB0 /* SentimizerTests.xctest */,
			);
			name = Products;
			sourceTree = "<group>";
		};
		EB642BFB27FF5DA4001DB273 /* Sentimizer */ = {
			isa = PBXGroup;
			children = (
				61C81FD82847D8B10023655E /* Sentimizer.entitlements */,
				EB39D9D02843C55000E74250 /* Info.plist */,
				EBD795F828744F7B00C2ADF7 /* InfoPlist.strings */,
				EBD795FB2874516200C2ADF7 /* App */,
				EB410CE2283A535900D629B2 /* Resources */,
				EB410CCC283A453700D629B2 /* Persistence */,
				EB410CCD283A455700D629B2 /* ML */,
				EB410CE4283A538700D629B2 /* Screens */,
				EB68882B281345AA00C0FDE7 /* Components */,
				EB642C0227FF5DAB001DB273 /* Preview Content */,
			);
			path = Sentimizer;
			sourceTree = "<group>";
		};
		EB642C0227FF5DAB001DB273 /* Preview Content */ = {
			isa = PBXGroup;
			children = (
				EB642C0327FF5DAB001DB273 /* Preview Assets.xcassets */,
			);
			path = "Preview Content";
			sourceTree = "<group>";
		};
		EB68882B281345AA00C0FDE7 /* Components */ = {
			isa = PBXGroup;
			children = (
				EB153FFD282FFD3500468859 /* ViewTitle.swift */,
				EBCDD1172827F545006AD5E2 /* WhatNext.swift */,
				EBB26CEA2836CD4700E48506 /* ActivityBar.swift */,
				EB15CF79283FD9C200564728 /* MonthSwitcher.swift */,
				EB15CF7C2842A9F100564728 /* Buttons */,
				EB15CF7B2842A9DB00564728 /* Text */,
			);
			path = Components;
			sourceTree = "<group>";
		};
		EBA5A3E4283572AE00F0B26A /* Calendar */ = {
			isa = PBXGroup;
			children = (
				EB410CE6283A5A1C00D629B2 /* CalendarViewData.swift */,
				EB410CE8283A5AD100D629B2 /* CalendarDayDetailView+Extension.swift */,
				EB410CD3283A4A5800D629B2 /* CalendarView */,
			);
			path = Calendar;
			sourceTree = "<group>";
		};
		EBCDD11B282AD419006AD5E2 /* AddActivityViews */ = {
			isa = PBXGroup;
			children = (
				EB6A3AAE2815BBC80078F8A8 /* AddActivityView.swift */,
				EB6A3AB4281713570078F8A8 /* ActivityChooserView.swift */,
				EBCDD119282AD30C006AD5E2 /* NewActivityCategoryView.swift */,
				EB410CDA283A515D00D629B2 /* IconChooserView.swift */,
			);
			path = AddActivityViews;
			sourceTree = "<group>";
		};
		EBCDD11C282AD73D006AD5E2 /* Extensions */ = {
			isa = PBXGroup;
			children = (
				EB634F2C281427DF00979923 /* View+Extension.swift */,
				EB467FAE28210DB000F9AA4D /* Color+Extension.swift */,
				EB6888292813459D00C0FDE7 /* Font+Extension.swift */,
				EB410CCE283A45CD00D629B2 /* Date+Extension.swift */,
				EB410CF2283E6A1900D629B2 /* Image+Extension.swift */,
				EB4C530F287755EC00540BAB /* String+Extension.swift */,
			);
			path = Extensions;
			sourceTree = "<group>";
		};
		EBD795FB2874516200C2ADF7 /* App */ = {
			isa = PBXGroup;
			children = (
				EB642BFC27FF5DA4001DB273 /* SentimizerApp.swift */,
				EB634F2E28142AAC00979923 /* AppTabNavigation.swift */,
				EB410CF4283EBDEB00D629B2 /* ActivityData.swift */,
				EB4C5317287C70BA00540BAB /* Model.swift */,
			);
			path = App;
			sourceTree = "<group>";
		};
/* End PBXGroup section */

/* Begin PBXNativeTarget section */
		EB5EF3C5284B6ED800372FB0 /* SentimizerUITests */ = {
			isa = PBXNativeTarget;
			buildConfigurationList = EB5EF3D0284B6ED900372FB0 /* Build configuration list for PBXNativeTarget "SentimizerUITests" */;
			buildPhases = (
				EB5EF3C2284B6ED800372FB0 /* Sources */,
				EB5EF3C3284B6ED800372FB0 /* Frameworks */,
				EB5EF3C4284B6ED800372FB0 /* Resources */,
			);
			buildRules = (
			);
			dependencies = (
				EB5EF3CD284B6ED800372FB0 /* PBXTargetDependency */,
			);
			name = SentimizerUITests;
			productName = SentimizerUITests;
			productReference = EB5EF3C6284B6ED800372FB0 /* SentimizerUITests.xctest */;
			productType = "com.apple.product-type.bundle.ui-testing";
		};
		EB5EF3D4284B702F00372FB0 /* SentimizerTests */ = {
			isa = PBXNativeTarget;
			buildConfigurationList = EB5EF3DB284B702F00372FB0 /* Build configuration list for PBXNativeTarget "SentimizerTests" */;
			buildPhases = (
				EB5EF3D1284B702F00372FB0 /* Sources */,
				EB5EF3D2284B702F00372FB0 /* Frameworks */,
				EB5EF3D3284B702F00372FB0 /* Resources */,
			);
			buildRules = (
			);
			dependencies = (
				EB5EF3DA284B702F00372FB0 /* PBXTargetDependency */,
			);
			name = SentimizerTests;
			productName = SentimizerTests;
			productReference = EB5EF3D5284B702F00372FB0 /* SentimizerTests.xctest */;
			productType = "com.apple.product-type.bundle.unit-test";
		};
		EB642BF827FF5DA4001DB273 /* Sentimizer */ = {
			isa = PBXNativeTarget;
			buildConfigurationList = EB642C0727FF5DAB001DB273 /* Build configuration list for PBXNativeTarget "Sentimizer" */;
			buildPhases = (
				EB642BF527FF5DA4001DB273 /* Sources */,
				EB642BF627FF5DA4001DB273 /* Frameworks */,
				EB642BF727FF5DA4001DB273 /* Resources */,
			);
			buildRules = (
			);
			dependencies = (
			);
			name = Sentimizer;
			productName = Sentimizer;
			productReference = EB642BF927FF5DA4001DB273 /* Sentimizer.app */;
			productType = "com.apple.product-type.application";
		};
/* End PBXNativeTarget section */

/* Begin PBXProject section */
		EB642BF127FF5DA4001DB273 /* Project object */ = {
			isa = PBXProject;
			attributes = {
				BuildIndependentTargetsInParallel = 1;
				LastSwiftUpdateCheck = 1330;
				LastUpgradeCheck = 1330;
				TargetAttributes = {
					EB5EF3C5284B6ED800372FB0 = {
						CreatedOnToolsVersion = 13.3.1;
						TestTargetID = EB642BF827FF5DA4001DB273;
					};
					EB5EF3D4284B702F00372FB0 = {
						CreatedOnToolsVersion = 13.3.1;
						TestTargetID = EB642BF827FF5DA4001DB273;
					};
					EB642BF827FF5DA4001DB273 = {
						CreatedOnToolsVersion = 13.3;
					};
				};
			};
			buildConfigurationList = EB642BF427FF5DA4001DB273 /* Build configuration list for PBXProject "Sentimizer" */;
			compatibilityVersion = "Xcode 13.0";
			developmentRegion = en;
			hasScannedForEncodings = 0;
			knownRegions = (
				en,
				Base,
				de,
			);
			mainGroup = EB642BF027FF5DA4001DB273;
			productRefGroup = EB642BFA27FF5DA4001DB273 /* Products */;
			projectDirPath = "";
			projectRoot = "";
			targets = (
				EB642BF827FF5DA4001DB273 /* Sentimizer */,
				EB5EF3C5284B6ED800372FB0 /* SentimizerUITests */,
				EB5EF3D4284B702F00372FB0 /* SentimizerTests */,
			);
		};
/* End PBXProject section */

/* Begin PBXResourcesBuildPhase section */
		EB5EF3C4284B6ED800372FB0 /* Resources */ = {
			isa = PBXResourcesBuildPhase;
			buildActionMask = 2147483647;
			files = (
			);
			runOnlyForDeploymentPostprocessing = 0;
		};
		EB5EF3D3284B702F00372FB0 /* Resources */ = {
			isa = PBXResourcesBuildPhase;
			buildActionMask = 2147483647;
			files = (
			);
			runOnlyForDeploymentPostprocessing = 0;
		};
		EB642BF727FF5DA4001DB273 /* Resources */ = {
			isa = PBXResourcesBuildPhase;
			buildActionMask = 2147483647;
			files = (
				EBD795F428744C9D00C2ADF7 /* Localizable.strings in Resources */,
				EBE02ACC2842B18400B18555 /* LaunchScreen.storyboard in Resources */,
				EB642C0427FF5DAB001DB273 /* Preview Assets.xcassets in Resources */,
				EB642C0127FF5DAB001DB273 /* Assets.xcassets in Resources */,
				EBD795FA28744F7B00C2ADF7 /* InfoPlist.strings in Resources */,
			);
			runOnlyForDeploymentPostprocessing = 0;
		};
/* End PBXResourcesBuildPhase section */

/* Begin PBXSourcesBuildPhase section */
		EB5EF3C2284B6ED800372FB0 /* Sources */ = {
			isa = PBXSourcesBuildPhase;
			buildActionMask = 2147483647;
			files = (
				EB5EF3CB284B6ED800372FB0 /* SentimizerUITestsLaunchTests.swift in Sources */,
				EB5EF3C9284B6ED800372FB0 /* SentimizerUITests.swift in Sources */,
			);
			runOnlyForDeploymentPostprocessing = 0;
		};
		EB5EF3D1284B702F00372FB0 /* Sources */ = {
			isa = PBXSourcesBuildPhase;
			buildActionMask = 2147483647;
			files = (
				EB5EF3D8284B702F00372FB0 /* SentimizerTests.swift in Sources */,
			);
			runOnlyForDeploymentPostprocessing = 0;
		};
		EB642BF527FF5DA4001DB273 /* Sources */ = {
			isa = PBXSourcesBuildPhase;
			buildActionMask = 2147483647;
			files = (
				EB8539EA28196A6D00C90DD9 /* StatsView.swift in Sources */,
				EB410CE1283A51E500D629B2 /* MoodCount.swift in Sources */,
				EB410CEB283A5D4A00D629B2 /* SentiTextField.swift in Sources */,
				EB33D13C2833E84900F4634C /* EditActivityCategoryView.swift in Sources */,
				EB46BBBF284D28530088CD1C /* WelcomeView.swift in Sources */,
				EB91193128301BA000C82E63 /* SentiTextEditor.swift in Sources */,
				EBDB9F702833CBC000586EB7 /* CalendarView.swift in Sources */,
				EBCDD1182827F545006AD5E2 /* WhatNext.swift in Sources */,
				EB4C5310287755EC00540BAB /* String+Extension.swift in Sources */,
				EB410CDF283A51CD00D629B2 /* MoodInfluence.swift in Sources */,
				EB4C530E287741E500540BAB /* PrivacyPolicy.swift in Sources */,
				EB15CF7A283FD9C200564728 /* MonthSwitcher.swift in Sources */,
				EB6A3AAF2815BBC80078F8A8 /* AddActivityView.swift in Sources */,
				8838ABEC28391EE700D3599B /* TestModel.mlpackage in Sources */,
				88E6E5AE281C4ACD00EB0D15 /* Model.xcdatamodeld in Sources */,
				69CD9628287749B1007C38A5 /* DataBridge.swift in Sources */,
				EB410CF3283E6A1900D629B2 /* Image+Extension.swift in Sources */,
				8838ABB72833672000D3599B /* NeuralNetwork.swift in Sources */,
				EBCDD11A282AD30C006AD5E2 /* NewActivityCategoryView.swift in Sources */,
				EB4C5318287C70BA00540BAB /* Model.swift in Sources */,
				8838ABB9283529EC00D3599B /* RandomNumberGenerator.swift in Sources */,
				EBB26CEB2836CD4700E48506 /* ActivityBar.swift in Sources */,
				EB410CDD283A51A700D629B2 /* MoodTrendChart.swift in Sources */,
				EB410CCF283A45CD00D629B2 /* Date+Extension.swift in Sources */,
				EB634F2F28142AAC00979923 /* AppTabNavigation.swift in Sources */,
				EBDB9F722833DB9100586EB7 /* SettingsView.swift in Sources */,
				8880131B287C87DD0064CD72 /* in_net.mlmodel in Sources */,
				EB410CD2283A46EB00D629B2 /* SentiScoreHelper.swift in Sources */,
				EB410CED283A965E00D629B2 /* SentiDeleteButton.swift in Sources */,
				EB6A3AB5281713570078F8A8 /* ActivityChooserView.swift in Sources */,
				EB467FAF28210DB000F9AA4D /* Color+Extension.swift in Sources */,
				EB634F2B28141FDE00979923 /* K.swift in Sources */,
				EB642BFF27FF5DA4001DB273 /* MainActivityView.swift in Sources */,
				EBA5A3E328356F1600F0B26A /* CalendarDayDetailView.swift in Sources */,
				88E6E5B0281C4B7F00EB0D15 /* PersistenceController.swift in Sources */,
				EB410CDB283A515D00D629B2 /* IconChooserView.swift in Sources */,
				EBDB9F6E2833A22000586EB7 /* MoodPicker.swift in Sources */,
				EB68882A2813459D00C0FDE7 /* Font+Extension.swift in Sources */,
				886E846528463DA200E5D6F6 /* InfluenceData.swift in Sources */,
				EB634F2D281427DF00979923 /* View+Extension.swift in Sources */,
				88801317287C66F10064CD72 /* RNN.swift in Sources */,
				EBCDD11E282AD75E006AD5E2 /* KeyboardHelper.swift in Sources */,
				EB410CE9283A5AD100D629B2 /* CalendarDayDetailView+Extension.swift in Sources */,
				EB6A3AB12815C2970078F8A8 /* SentiButton.swift in Sources */,
				EB15CF7E2842AA4000564728 /* DismissButton.swift in Sources */,
				8838ABB2282F7DA100D3599B /* ActivityDetailView.swift in Sources */,
				EB642BFD27FF5DA4001DB273 /* SentimizerApp.swift in Sources */,
				EB153FFE282FFD3500468859 /* ViewTitle.swift in Sources */,
				EB410CE7283A5A1C00D629B2 /* CalendarViewData.swift in Sources */,
				EB410CEF283A9F1700D629B2 /* NotEnoughData.swift in Sources */,
				EB410CD7283A4C6300D629B2 /* StatisticsData.swift in Sources */,
				EB410CF5283EBDEB00D629B2 /* ActivityData.swift in Sources */,
				EB410CF7283FB50700D629B2 /* Settings.swift in Sources */,
				EB410CD9283A4DDD00D629B2 /* MachineLearning.swift in Sources */,
			);
			runOnlyForDeploymentPostprocessing = 0;
		};
/* End PBXSourcesBuildPhase section */

/* Begin PBXTargetDependency section */
		EB5EF3CD284B6ED800372FB0 /* PBXTargetDependency */ = {
			isa = PBXTargetDependency;
			target = EB642BF827FF5DA4001DB273 /* Sentimizer */;
			targetProxy = EB5EF3CC284B6ED800372FB0 /* PBXContainerItemProxy */;
		};
		EB5EF3DA284B702F00372FB0 /* PBXTargetDependency */ = {
			isa = PBXTargetDependency;
			target = EB642BF827FF5DA4001DB273 /* Sentimizer */;
			targetProxy = EB5EF3D9284B702F00372FB0 /* PBXContainerItemProxy */;
		};
/* End PBXTargetDependency section */

/* Begin PBXVariantGroup section */
		EBD795F628744C9D00C2ADF7 /* Localizable.strings */ = {
			isa = PBXVariantGroup;
			children = (
				EBD795F528744C9D00C2ADF7 /* de */,
				EBD795F728744CC000C2ADF7 /* en */,
			);
			name = Localizable.strings;
			sourceTree = "<group>";
		};
		EBD795F828744F7B00C2ADF7 /* InfoPlist.strings */ = {
			isa = PBXVariantGroup;
			children = (
				EBD795F928744F7B00C2ADF7 /* de */,
			);
			name = InfoPlist.strings;
			sourceTree = "<group>";
		};
/* End PBXVariantGroup section */

/* Begin XCBuildConfiguration section */
		EB5EF3CE284B6ED900372FB0 /* Debug */ = {
			isa = XCBuildConfiguration;
			buildSettings = {
				CODE_SIGN_STYLE = Automatic;
				CURRENT_PROJECT_VERSION = 1;
				DEVELOPMENT_TEAM = A38QNMLM4C;
				GENERATE_INFOPLIST_FILE = YES;
				IPHONEOS_DEPLOYMENT_TARGET = 15.4;
				MARKETING_VERSION = 1.0;
				PRODUCT_BUNDLE_IDENTIFIER = saginsberg.de.SentimizerUITests;
				PRODUCT_NAME = "$(TARGET_NAME)";
				SWIFT_EMIT_LOC_STRINGS = NO;
				SWIFT_VERSION = 5.0;
				TARGETED_DEVICE_FAMILY = "1,2";
				TEST_TARGET_NAME = Sentimizer;
			};
			name = Debug;
		};
		EB5EF3CF284B6ED900372FB0 /* Release */ = {
			isa = XCBuildConfiguration;
			buildSettings = {
				CODE_SIGN_STYLE = Automatic;
				CURRENT_PROJECT_VERSION = 1;
				DEVELOPMENT_TEAM = A38QNMLM4C;
				GENERATE_INFOPLIST_FILE = YES;
				IPHONEOS_DEPLOYMENT_TARGET = 15.4;
				MARKETING_VERSION = 1.0;
				PRODUCT_BUNDLE_IDENTIFIER = saginsberg.de.SentimizerUITests;
				PRODUCT_NAME = "$(TARGET_NAME)";
				SWIFT_EMIT_LOC_STRINGS = NO;
				SWIFT_VERSION = 5.0;
				TARGETED_DEVICE_FAMILY = "1,2";
				TEST_TARGET_NAME = Sentimizer;
			};
			name = Release;
		};
		EB5EF3DC284B702F00372FB0 /* Debug */ = {
			isa = XCBuildConfiguration;
			buildSettings = {
				BUNDLE_LOADER = "$(TEST_HOST)";
				CODE_SIGN_STYLE = Automatic;
				CURRENT_PROJECT_VERSION = 1;
				DEVELOPMENT_TEAM = A38QNMLM4C;
				GENERATE_INFOPLIST_FILE = YES;
				IPHONEOS_DEPLOYMENT_TARGET = 15.4;
				MARKETING_VERSION = 1.0;
				PRODUCT_BUNDLE_IDENTIFIER = saginsberg.de.SentimizerTests;
				PRODUCT_NAME = "$(TARGET_NAME)";
				SWIFT_EMIT_LOC_STRINGS = NO;
				SWIFT_VERSION = 5.0;
				TARGETED_DEVICE_FAMILY = "1,2";
				TEST_HOST = "$(BUILT_PRODUCTS_DIR)/Sentimizer.app/Sentimizer";
			};
			name = Debug;
		};
		EB5EF3DD284B702F00372FB0 /* Release */ = {
			isa = XCBuildConfiguration;
			buildSettings = {
				BUNDLE_LOADER = "$(TEST_HOST)";
				CODE_SIGN_STYLE = Automatic;
				CURRENT_PROJECT_VERSION = 1;
				DEVELOPMENT_TEAM = A38QNMLM4C;
				GENERATE_INFOPLIST_FILE = YES;
				IPHONEOS_DEPLOYMENT_TARGET = 15.4;
				MARKETING_VERSION = 1.0;
				PRODUCT_BUNDLE_IDENTIFIER = saginsberg.de.SentimizerTests;
				PRODUCT_NAME = "$(TARGET_NAME)";
				SWIFT_EMIT_LOC_STRINGS = NO;
				SWIFT_VERSION = 5.0;
				TARGETED_DEVICE_FAMILY = "1,2";
				TEST_HOST = "$(BUILT_PRODUCTS_DIR)/Sentimizer.app/Sentimizer";
			};
			name = Release;
		};
		EB642C0527FF5DAB001DB273 /* Debug */ = {
			isa = XCBuildConfiguration;
			buildSettings = {
				ALWAYS_SEARCH_USER_PATHS = NO;
				CLANG_ANALYZER_NONNULL = YES;
				CLANG_ANALYZER_NUMBER_OBJECT_CONVERSION = YES_AGGRESSIVE;
				CLANG_CXX_LANGUAGE_STANDARD = "gnu++17";
				CLANG_ENABLE_MODULES = YES;
				CLANG_ENABLE_OBJC_ARC = YES;
				CLANG_ENABLE_OBJC_WEAK = YES;
				CLANG_WARN_BLOCK_CAPTURE_AUTORELEASING = YES;
				CLANG_WARN_BOOL_CONVERSION = YES;
				CLANG_WARN_COMMA = YES;
				CLANG_WARN_CONSTANT_CONVERSION = YES;
				CLANG_WARN_DEPRECATED_OBJC_IMPLEMENTATIONS = YES;
				CLANG_WARN_DIRECT_OBJC_ISA_USAGE = YES_ERROR;
				CLANG_WARN_DOCUMENTATION_COMMENTS = YES;
				CLANG_WARN_EMPTY_BODY = YES;
				CLANG_WARN_ENUM_CONVERSION = YES;
				CLANG_WARN_INFINITE_RECURSION = YES;
				CLANG_WARN_INT_CONVERSION = YES;
				CLANG_WARN_NON_LITERAL_NULL_CONVERSION = YES;
				CLANG_WARN_OBJC_IMPLICIT_RETAIN_SELF = YES;
				CLANG_WARN_OBJC_LITERAL_CONVERSION = YES;
				CLANG_WARN_OBJC_ROOT_CLASS = YES_ERROR;
				CLANG_WARN_QUOTED_INCLUDE_IN_FRAMEWORK_HEADER = YES;
				CLANG_WARN_RANGE_LOOP_ANALYSIS = YES;
				CLANG_WARN_STRICT_PROTOTYPES = YES;
				CLANG_WARN_SUSPICIOUS_MOVE = YES;
				CLANG_WARN_UNGUARDED_AVAILABILITY = YES_AGGRESSIVE;
				CLANG_WARN_UNREACHABLE_CODE = YES;
				CLANG_WARN__DUPLICATE_METHOD_MATCH = YES;
				COPY_PHASE_STRIP = NO;
				DEBUG_INFORMATION_FORMAT = dwarf;
				ENABLE_STRICT_OBJC_MSGSEND = YES;
				ENABLE_TESTABILITY = YES;
				GCC_C_LANGUAGE_STANDARD = gnu11;
				GCC_DYNAMIC_NO_PIC = NO;
				GCC_NO_COMMON_BLOCKS = YES;
				GCC_OPTIMIZATION_LEVEL = 0;
				GCC_PREPROCESSOR_DEFINITIONS = (
					"DEBUG=1",
					"$(inherited)",
				);
				GCC_WARN_64_TO_32_BIT_CONVERSION = YES;
				GCC_WARN_ABOUT_RETURN_TYPE = YES_ERROR;
				GCC_WARN_UNDECLARED_SELECTOR = YES;
				GCC_WARN_UNINITIALIZED_AUTOS = YES_AGGRESSIVE;
				GCC_WARN_UNUSED_FUNCTION = YES;
				GCC_WARN_UNUSED_VARIABLE = YES;
				IPHONEOS_DEPLOYMENT_TARGET = 15.0;
				MTL_ENABLE_DEBUG_INFO = INCLUDE_SOURCE;
				MTL_FAST_MATH = YES;
				ONLY_ACTIVE_ARCH = YES;
				SDKROOT = iphoneos;
				SWIFT_ACTIVE_COMPILATION_CONDITIONS = DEBUG;
				SWIFT_EMIT_LOC_STRINGS = YES;
				SWIFT_OPTIMIZATION_LEVEL = "-Onone";
			};
			name = Debug;
		};
		EB642C0627FF5DAB001DB273 /* Release */ = {
			isa = XCBuildConfiguration;
			buildSettings = {
				ALWAYS_SEARCH_USER_PATHS = NO;
				CLANG_ANALYZER_NONNULL = YES;
				CLANG_ANALYZER_NUMBER_OBJECT_CONVERSION = YES_AGGRESSIVE;
				CLANG_CXX_LANGUAGE_STANDARD = "gnu++17";
				CLANG_ENABLE_MODULES = YES;
				CLANG_ENABLE_OBJC_ARC = YES;
				CLANG_ENABLE_OBJC_WEAK = YES;
				CLANG_WARN_BLOCK_CAPTURE_AUTORELEASING = YES;
				CLANG_WARN_BOOL_CONVERSION = YES;
				CLANG_WARN_COMMA = YES;
				CLANG_WARN_CONSTANT_CONVERSION = YES;
				CLANG_WARN_DEPRECATED_OBJC_IMPLEMENTATIONS = YES;
				CLANG_WARN_DIRECT_OBJC_ISA_USAGE = YES_ERROR;
				CLANG_WARN_DOCUMENTATION_COMMENTS = YES;
				CLANG_WARN_EMPTY_BODY = YES;
				CLANG_WARN_ENUM_CONVERSION = YES;
				CLANG_WARN_INFINITE_RECURSION = YES;
				CLANG_WARN_INT_CONVERSION = YES;
				CLANG_WARN_NON_LITERAL_NULL_CONVERSION = YES;
				CLANG_WARN_OBJC_IMPLICIT_RETAIN_SELF = YES;
				CLANG_WARN_OBJC_LITERAL_CONVERSION = YES;
				CLANG_WARN_OBJC_ROOT_CLASS = YES_ERROR;
				CLANG_WARN_QUOTED_INCLUDE_IN_FRAMEWORK_HEADER = YES;
				CLANG_WARN_RANGE_LOOP_ANALYSIS = YES;
				CLANG_WARN_STRICT_PROTOTYPES = YES;
				CLANG_WARN_SUSPICIOUS_MOVE = YES;
				CLANG_WARN_UNGUARDED_AVAILABILITY = YES_AGGRESSIVE;
				CLANG_WARN_UNREACHABLE_CODE = YES;
				CLANG_WARN__DUPLICATE_METHOD_MATCH = YES;
				COPY_PHASE_STRIP = NO;
				DEBUG_INFORMATION_FORMAT = "dwarf-with-dsym";
				ENABLE_NS_ASSERTIONS = NO;
				ENABLE_STRICT_OBJC_MSGSEND = YES;
				GCC_C_LANGUAGE_STANDARD = gnu11;
				GCC_NO_COMMON_BLOCKS = YES;
				GCC_WARN_64_TO_32_BIT_CONVERSION = YES;
				GCC_WARN_ABOUT_RETURN_TYPE = YES_ERROR;
				GCC_WARN_UNDECLARED_SELECTOR = YES;
				GCC_WARN_UNINITIALIZED_AUTOS = YES_AGGRESSIVE;
				GCC_WARN_UNUSED_FUNCTION = YES;
				GCC_WARN_UNUSED_VARIABLE = YES;
				IPHONEOS_DEPLOYMENT_TARGET = 15.0;
				MTL_ENABLE_DEBUG_INFO = NO;
				MTL_FAST_MATH = YES;
				SDKROOT = iphoneos;
				SWIFT_COMPILATION_MODE = wholemodule;
				SWIFT_EMIT_LOC_STRINGS = YES;
				SWIFT_OPTIMIZATION_LEVEL = "-O";
				VALIDATE_PRODUCT = YES;
			};
			name = Release;
		};
		EB642C0827FF5DAB001DB273 /* Debug */ = {
			isa = XCBuildConfiguration;
			buildSettings = {
				ASSETCATALOG_COMPILER_APPICON_NAME = AppIcon;
				ASSETCATALOG_COMPILER_GLOBAL_ACCENT_COLOR_NAME = AccentColor;
				CODE_SIGN_ENTITLEMENTS = Sentimizer/Sentimizer.entitlements;
				CODE_SIGN_IDENTITY = "Apple Development";
				CODE_SIGN_STYLE = Automatic;
				CURRENT_PROJECT_VERSION = 1;
				DEVELOPMENT_ASSET_PATHS = "\"Sentimizer/Preview Content\"";
				DEVELOPMENT_TEAM = A38QNMLM4C;
				ENABLE_PREVIEWS = YES;
				GENERATE_INFOPLIST_FILE = YES;
				INFOPLIST_FILE = Sentimizer/Info.plist;
				INFOPLIST_KEY_NSFaceIDUsageDescription = "Sentimizer needs access to Face ID to securely authenticate you when opening the app.";
				INFOPLIST_KEY_UIApplicationSceneManifest_Generation = YES;
				INFOPLIST_KEY_UIApplicationSupportsIndirectInputEvents = YES;
				INFOPLIST_KEY_UILaunchScreen_Generation = YES;
				INFOPLIST_KEY_UILaunchStoryboardName = LaunchScreen;
				INFOPLIST_KEY_UISupportedInterfaceOrientations = UIInterfaceOrientationPortrait;
				INFOPLIST_KEY_UISupportedInterfaceOrientations_iPhone = UIInterfaceOrientationPortrait;
				IPHONEOS_DEPLOYMENT_TARGET = 15.0;
				LD_RUNPATH_SEARCH_PATHS = (
					"$(inherited)",
					"@executable_path/Frameworks",
				);
				MARKETING_VERSION = 1.0;
				PRODUCT_BUNDLE_IDENTIFIER = com.sentimizer.app;
				PRODUCT_NAME = "$(TARGET_NAME)";
				PROVISIONING_PROFILE_SPECIFIER = "";
				SWIFT_EMIT_LOC_STRINGS = YES;
				SWIFT_VERSION = 5.0;
				TARGETED_DEVICE_FAMILY = 1;
			};
			name = Debug;
		};
		EB642C0927FF5DAB001DB273 /* Release */ = {
			isa = XCBuildConfiguration;
			buildSettings = {
				ASSETCATALOG_COMPILER_APPICON_NAME = AppIcon;
				ASSETCATALOG_COMPILER_GLOBAL_ACCENT_COLOR_NAME = AccentColor;
				CODE_SIGN_ENTITLEMENTS = Sentimizer/Sentimizer.entitlements;
				CODE_SIGN_IDENTITY = "Apple Development";
				CODE_SIGN_STYLE = Automatic;
				CURRENT_PROJECT_VERSION = 1;
				DEVELOPMENT_ASSET_PATHS = "\"Sentimizer/Preview Content\"";
				DEVELOPMENT_TEAM = A38QNMLM4C;
				ENABLE_PREVIEWS = YES;
				GENERATE_INFOPLIST_FILE = YES;
				INFOPLIST_FILE = Sentimizer/Info.plist;
				INFOPLIST_KEY_NSFaceIDUsageDescription = "Sentimizer needs access to Face ID to securely authenticate you when opening the app.";
				INFOPLIST_KEY_UIApplicationSceneManifest_Generation = YES;
				INFOPLIST_KEY_UIApplicationSupportsIndirectInputEvents = YES;
				INFOPLIST_KEY_UILaunchScreen_Generation = YES;
				INFOPLIST_KEY_UILaunchStoryboardName = LaunchScreen;
				INFOPLIST_KEY_UISupportedInterfaceOrientations = UIInterfaceOrientationPortrait;
				INFOPLIST_KEY_UISupportedInterfaceOrientations_iPhone = UIInterfaceOrientationPortrait;
				IPHONEOS_DEPLOYMENT_TARGET = 15.0;
				LD_RUNPATH_SEARCH_PATHS = (
					"$(inherited)",
					"@executable_path/Frameworks",
				);
				MARKETING_VERSION = 1.0;
				PRODUCT_BUNDLE_IDENTIFIER = com.sentimizer.app;
				PRODUCT_NAME = "$(TARGET_NAME)";
				PROVISIONING_PROFILE_SPECIFIER = "";
				SWIFT_EMIT_LOC_STRINGS = YES;
				SWIFT_VERSION = 5.0;
				TARGETED_DEVICE_FAMILY = 1;
			};
			name = Release;
		};
/* End XCBuildConfiguration section */

/* Begin XCConfigurationList section */
		EB5EF3D0284B6ED900372FB0 /* Build configuration list for PBXNativeTarget "SentimizerUITests" */ = {
			isa = XCConfigurationList;
			buildConfigurations = (
				EB5EF3CE284B6ED900372FB0 /* Debug */,
				EB5EF3CF284B6ED900372FB0 /* Release */,
			);
			defaultConfigurationIsVisible = 0;
			defaultConfigurationName = Release;
		};
		EB5EF3DB284B702F00372FB0 /* Build configuration list for PBXNativeTarget "SentimizerTests" */ = {
			isa = XCConfigurationList;
			buildConfigurations = (
				EB5EF3DC284B702F00372FB0 /* Debug */,
				EB5EF3DD284B702F00372FB0 /* Release */,
			);
			defaultConfigurationIsVisible = 0;
			defaultConfigurationName = Release;
		};
		EB642BF427FF5DA4001DB273 /* Build configuration list for PBXProject "Sentimizer" */ = {
			isa = XCConfigurationList;
			buildConfigurations = (
				EB642C0527FF5DAB001DB273 /* Debug */,
				EB642C0627FF5DAB001DB273 /* Release */,
			);
			defaultConfigurationIsVisible = 0;
			defaultConfigurationName = Release;
		};
		EB642C0727FF5DAB001DB273 /* Build configuration list for PBXNativeTarget "Sentimizer" */ = {
			isa = XCConfigurationList;
			buildConfigurations = (
				EB642C0827FF5DAB001DB273 /* Debug */,
				EB642C0927FF5DAB001DB273 /* Release */,
			);
			defaultConfigurationIsVisible = 0;
			defaultConfigurationName = Release;
		};
/* End XCConfigurationList section */

/* Begin XCVersionGroup section */
		88E6E5AC281C4ACD00EB0D15 /* Model.xcdatamodeld */ = {
			isa = XCVersionGroup;
			children = (
				88E6E5AD281C4ACD00EB0D15 /* Entry.xcdatamodel */,
			);
			currentVersion = 88E6E5AD281C4ACD00EB0D15 /* Entry.xcdatamodel */;
			path = Model.xcdatamodeld;
			sourceTree = "<group>";
			versionGroupType = wrapper.xcdatamodel;
		};
/* End XCVersionGroup section */
	};
	rootObject = EB642BF127FF5DA4001DB273 /* Project object */;
}
